
Microsoft Visual Studio Solution File, Format Version 12.00
# Visual Studio Version 17
VisualStudioVersion = 17.12.35527.113 d17.12
MinimumVisualStudioVersion = 10.0.40219.1
Project("{FAE04EC0-301F-11D3-BF4B-00C04F79EFBC}") = "OrderApi.Domain", "OrderApi.Domain\OrderApi.Domain.csproj", "{92F97970-DF39-433B-B44A-8021269361DE}"
EndProject
Project("{FAE04EC0-301F-11D3-BF4B-00C04F79EFBC}") = "OrderApi.Application", "OrderApi.Application\OrderApi.Application.csproj", "{29D79A6E-FF08-4BF1-86EB-3551F2DB8652}"
EndProject
Project("{FAE04EC0-301F-11D3-BF4B-00C04F79EFBC}") = "OrderApi.Infrastructure", "OrderApi.Infrastructure\OrderApi.Infrastructure.csproj", "{8FAAA411-2EB6-4E07-89F7-863FAA9A674B}"
EndProject
Project("{FAE04EC0-301F-11D3-BF4B-00C04F79EFBC}") = "OrderApi.Presentation", "OrderApi.Presentation\OrderApi.Presentation.csproj", "{55C30594-0B70-4272-986A-633494E38400}"
EndProject
Project("{FAE04EC0-301F-11D3-BF4B-00C04F79EFBC}") = "eCommerceSharedLibrary", "..\DemoECommarsSharedLibrary\eCommerceSharedLibrary\eCommerceSharedLibrary.csproj", "{C731AFB5-DCF9-42BD-8C74-A7C5C2F0848F}"
EndProject
Global
	GlobalSection(SolutionConfigurationPlatforms) = preSolution
		Debug|Any CPU = Debug|Any CPU
		Release|Any CPU = Release|Any CPU
	EndGlobalSection
	GlobalSection(ProjectConfigurationPlatforms) = postSolution
		{92F97970-DF39-433B-B44A-8021269361DE}.Debug|Any CPU.ActiveCfg = Debug|Any CPU
		{92F97970-DF39-433B-B44A-8021269361DE}.Debug|Any CPU.Build.0 = Debug|Any CPU
		{92F97970-DF39-433B-B44A-8021269361DE}.Release|Any CPU.ActiveCfg = Release|Any CPU
		{92F97970-DF39-433B-B44A-8021269361DE}.Release|Any CPU.Build.0 = Release|Any CPU
		{29D79A6E-FF08-4BF1-86EB-3551F2DB8652}.Debug|Any CPU.ActiveCfg = Debug|Any CPU
		{29D79A6E-FF08-4BF1-86EB-3551F2DB8652}.Debug|Any CPU.Build.0 = Debug|Any CPU
		{29D79A6E-FF08-4BF1-86EB-3551F2DB8652}.Release|Any CPU.ActiveCfg = Release|Any CPU
		{29D79A6E-FF08-4BF1-86EB-3551F2DB8652}.Release|Any CPU.Build.0 = Release|Any CPU
		{8FAAA411-2EB6-4E07-89F7-863FAA9A674B}.Debug|Any CPU.ActiveCfg = Debug|Any CPU
		{8FAAA411-2EB6-4E07-89F7-863FAA9A674B}.Debug|Any CPU.Build.0 = Debug|Any CPU
		{8FAAA411-2EB6-4E07-89F7-863FAA9A674B}.Release|Any CPU.ActiveCfg = Release|Any CPU
		{8FAAA411-2EB6-4E07-89F7-863FAA9A674B}.Release|Any CPU.Build.0 = Release|Any CPU
		{55C30594-0B70-4272-986A-633494E38400}.Debug|Any CPU.ActiveCfg = Debug|Any CPU
		{55C30594-0B70-4272-986A-633494E38400}.Debug|Any CPU.Build.0 = Debug|Any CPU
		{55C30594-0B70-4272-986A-633494E38400}.Release|Any CPU.ActiveCfg = Release|Any CPU
		{55C30594-0B70-4272-986A-633494E38400}.Release|Any CPU.Build.0 = Release|Any CPU
		{C731AFB5-DCF9-42BD-8C74-A7C5C2F0848F}.Debug|Any CPU.ActiveCfg = Debug|Any CPU
		{C731AFB5-DCF9-42BD-8C74-A7C5C2F0848F}.Debug|Any CPU.Build.0 = Debug|Any CPU
		{C731AFB5-DCF9-42BD-8C74-A7C5C2F0848F}.Release|Any CPU.ActiveCfg = Release|Any CPU
		{C731AFB5-DCF9-42BD-8C74-A7C5C2F0848F}.Release|Any CPU.Build.0 = Release|Any CPU
	EndGlobalSection
	GlobalSection(SolutionProperties) = preSolution
		HideSolutionNode = FALSE
	EndGlobalSection
EndGlobal
